
Microsoft Visual Studio Solution File, Format Version 12.00
# Visual Studio 2013
VisualStudioVersion = 12.0.31101.0
MinimumVisualStudioVersion = 10.0.40219.1
Project("{FAE04EC0-301F-11D3-BF4B-00C04F79EFBC}") = "ExampleTest", "ExampleTest\ExampleTest.csproj", "{4C31F58C-22BB-45F8-92C7-9B7FEF5653A8}"
EndProject
Project("{FAE04EC0-301F-11D3-BF4B-00C04F79EFBC}") = "EasyNetQ.Contrib.Wf", "EasyNetQ.Contrib.Wf\EasyNetQ.Contrib.Wf.csproj", "{03C514E4-B5AA-4966-9F52-62C81DE7B5BA}"
EndProject
Global
	GlobalSection(SolutionConfigurationPlatforms) = preSolution
		Debug|Any CPU = Debug|Any CPU
		Release|Any CPU = Release|Any CPU
	EndGlobalSection
	GlobalSection(ProjectConfigurationPlatforms) = postSolution
		{4C31F58C-22BB-45F8-92C7-9B7FEF5653A8}.Debug|Any CPU.ActiveCfg = Debug|Any CPU
		{4C31F58C-22BB-45F8-92C7-9B7FEF5653A8}.Debug|Any CPU.Build.0 = Debug|Any CPU
		{4C31F58C-22BB-45F8-92C7-9B7FEF5653A8}.Release|Any CPU.ActiveCfg = Release|Any CPU
		{4C31F58C-22BB-45F8-92C7-9B7FEF5653A8}.Release|Any CPU.Build.0 = Release|Any CPU
		{03C514E4-B5AA-4966-9F52-62C81DE7B5BA}.Debug|Any CPU.ActiveCfg = Debug|Any CPU
		{03C514E4-B5AA-4966-9F52-62C81DE7B5BA}.Debug|Any CPU.Build.0 = Debug|Any CPU
		{03C514E4-B5AA-4966-9F52-62C81DE7B5BA}.Release|Any CPU.ActiveCfg = Release|Any CPU
		{03C514E4-B5AA-4966-9F52-62C81DE7B5BA}.Release|Any CPU.Build.0 = Release|Any CPU
	EndGlobalSection
	GlobalSection(SolutionProperties) = preSolution
		HideSolutionNode = FALSE
	EndGlobalSection
EndGlobal
